
Microsoft Visual Studio Solution File, Format Version 12.00
# Visual Studio Version 17
VisualStudioVersion = 17.1.31911.260
MinimumVisualStudioVersion = 10.0.40219.1
Project("{2150E333-8FDC-42A3-9474-1A3956D46DE8}") = "src", "src", "{657DDC11-7E49-427C-81C0-EB55FC41BC3B}"
EndProject
Project("{2150E333-8FDC-42A3-9474-1A3956D46DE8}") = "Services", "Services", "{F9F2364E-1189-4A80-8E66-8307623B4EBD}"
EndProject
Project("{2150E333-8FDC-42A3-9474-1A3956D46DE8}") = "Service1", "Service1", "{452E7033-A523-42A5-822F-67F1416DC1EE}"
EndProject
Project("{FAE04EC0-301F-11D3-BF4B-00C04F79EFBC}") = "Service1.Api", "src\Services\Service1\Service1.Api\Service1.Api.csproj", "{472A93F0-0DC7-4F92-BD1A-9EF0487E59A3}"
EndProject
Project("{2150E333-8FDC-42A3-9474-1A3956D46DE8}") = "BuildingBlocks", "BuildingBlocks", "{B3901279-6106-46B2-9281-D09CCDB37D53}"
EndProject
Project("{FAE04EC0-301F-11D3-BF4B-00C04F79EFBC}") = "EventBus", "src\BuildingBlocks\EventBus\EventBus.csproj", "{FB7B1232-21B2-44A1-85F8-62BA1009EBF9}"
EndProject
Project("{FAE04EC0-301F-11D3-BF4B-00C04F79EFBC}") = "EventBus.IntegrationEvents", "src\BuildingBlocks\EventBus.IntegrationEvents\EventBus.IntegrationEvents.csproj", "{B56002B5-2787-4BD2-AB3E-D045ABE78890}"
EndProject
Project("{2150E333-8FDC-42A3-9474-1A3956D46DE8}") = "Service2", "Service2", "{B5D3B3A3-AB3E-49E5-AB26-07D5A853DD45}"
EndProject
Project("{FAE04EC0-301F-11D3-BF4B-00C04F79EFBC}") = "Service2.Api", "src\Services\Service2\Service2.Api\Service2.Api.csproj", "{7FCF0DB5-7735-4C52-872B-E2C6871D785E}"
EndProject
Global
	GlobalSection(SolutionProperties) = preSolution
		HideSolutionNode = FALSE
	EndGlobalSection
	GlobalSection(ExtensibilityGlobals) = postSolution
		SolutionGuid = {C496EDB8-4292-4039-A26F-B0F4FBCE0C52}
	EndGlobalSection
	GlobalSection(SolutionConfigurationPlatforms) = preSolution
		Debug|Any CPU = Debug|Any CPU
		Debug|x64 = Debug|x64
		Debug|x86 = Debug|x86
		Release|Any CPU = Release|Any CPU
		Release|x64 = Release|x64
		Release|x86 = Release|x86
	EndGlobalSection
	GlobalSection(ProjectConfigurationPlatforms) = postSolution
		{472A93F0-0DC7-4F92-BD1A-9EF0487E59A3}.Debug|Any CPU.ActiveCfg = Debug|Any CPU
		{472A93F0-0DC7-4F92-BD1A-9EF0487E59A3}.Debug|Any CPU.Build.0 = Debug|Any CPU
		{472A93F0-0DC7-4F92-BD1A-9EF0487E59A3}.Debug|x64.ActiveCfg = Debug|Any CPU
		{472A93F0-0DC7-4F92-BD1A-9EF0487E59A3}.Debug|x64.Build.0 = Debug|Any CPU
		{472A93F0-0DC7-4F92-BD1A-9EF0487E59A3}.Debug|x86.ActiveCfg = Debug|Any CPU
		{472A93F0-0DC7-4F92-BD1A-9EF0487E59A3}.Debug|x86.Build.0 = Debug|Any CPU
		{472A93F0-0DC7-4F92-BD1A-9EF0487E59A3}.Release|Any CPU.ActiveCfg = Release|Any CPU
		{472A93F0-0DC7-4F92-BD1A-9EF0487E59A3}.Release|Any CPU.Build.0 = Release|Any CPU
		{472A93F0-0DC7-4F92-BD1A-9EF0487E59A3}.Release|x64.ActiveCfg = Release|Any CPU
		{472A93F0-0DC7-4F92-BD1A-9EF0487E59A3}.Release|x64.Build.0 = Release|Any CPU
		{472A93F0-0DC7-4F92-BD1A-9EF0487E59A3}.Release|x86.ActiveCfg = Release|Any CPU
		{472A93F0-0DC7-4F92-BD1A-9EF0487E59A3}.Release|x86.Build.0 = Release|Any CPU
		{FB7B1232-21B2-44A1-85F8-62BA1009EBF9}.Debug|Any CPU.ActiveCfg = Debug|Any CPU
		{FB7B1232-21B2-44A1-85F8-62BA1009EBF9}.Debug|Any CPU.Build.0 = Debug|Any CPU
		{FB7B1232-21B2-44A1-85F8-62BA1009EBF9}.Debug|x64.ActiveCfg = Debug|Any CPU
		{FB7B1232-21B2-44A1-85F8-62BA1009EBF9}.Debug|x64.Build.0 = Debug|Any CPU
		{FB7B1232-21B2-44A1-85F8-62BA1009EBF9}.Debug|x86.ActiveCfg = Debug|Any CPU
		{FB7B1232-21B2-44A1-85F8-62BA1009EBF9}.Debug|x86.Build.0 = Debug|Any CPU
		{FB7B1232-21B2-44A1-85F8-62BA1009EBF9}.Release|Any CPU.ActiveCfg = Release|Any CPU
		{FB7B1232-21B2-44A1-85F8-62BA1009EBF9}.Release|Any CPU.Build.0 = Release|Any CPU
		{FB7B1232-21B2-44A1-85F8-62BA1009EBF9}.Release|x64.ActiveCfg = Release|Any CPU
		{FB7B1232-21B2-44A1-85F8-62BA1009EBF9}.Release|x64.Build.0 = Release|Any CPU
		{FB7B1232-21B2-44A1-85F8-62BA1009EBF9}.Release|x86.ActiveCfg = Release|Any CPU
		{FB7B1232-21B2-44A1-85F8-62BA1009EBF9}.Release|x86.Build.0 = Release|Any CPU
		{B56002B5-2787-4BD2-AB3E-D045ABE78890}.Debug|Any CPU.ActiveCfg = Debug|Any CPU
		{B56002B5-2787-4BD2-AB3E-D045ABE78890}.Debug|Any CPU.Build.0 = Debug|Any CPU
		{B56002B5-2787-4BD2-AB3E-D045ABE78890}.Debug|x64.ActiveCfg = Debug|Any CPU
		{B56002B5-2787-4BD2-AB3E-D045ABE78890}.Debug|x64.Build.0 = Debug|Any CPU
		{B56002B5-2787-4BD2-AB3E-D045ABE78890}.Debug|x86.ActiveCfg = Debug|Any CPU
		{B56002B5-2787-4BD2-AB3E-D045ABE78890}.Debug|x86.Build.0 = Debug|Any CPU
		{B56002B5-2787-4BD2-AB3E-D045ABE78890}.Release|Any CPU.ActiveCfg = Release|Any CPU
		{B56002B5-2787-4BD2-AB3E-D045ABE78890}.Release|Any CPU.Build.0 = Release|Any CPU
		{B56002B5-2787-4BD2-AB3E-D045ABE78890}.Release|x64.ActiveCfg = Release|Any CPU
		{B56002B5-2787-4BD2-AB3E-D045ABE78890}.Release|x64.Build.0 = Release|Any CPU
		{B56002B5-2787-4BD2-AB3E-D045ABE78890}.Release|x86.ActiveCfg = Release|Any CPU
		{B56002B5-2787-4BD2-AB3E-D045ABE78890}.Release|x86.Build.0 = Release|Any CPU
		{7FCF0DB5-7735-4C52-872B-E2C6871D785E}.Debug|Any CPU.ActiveCfg = Debug|Any CPU
		{7FCF0DB5-7735-4C52-872B-E2C6871D785E}.Debug|Any CPU.Build.0 = Debug|Any CPU
		{7FCF0DB5-7735-4C52-872B-E2C6871D785E}.Debug|x64.ActiveCfg = Debug|Any CPU
		{7FCF0DB5-7735-4C52-872B-E2C6871D785E}.Debug|x64.Build.0 = Debug|Any CPU
		{7FCF0DB5-7735-4C52-872B-E2C6871D785E}.Debug|x86.ActiveCfg = Debug|Any CPU
		{7FCF0DB5-7735-4C52-872B-E2C6871D785E}.Debug|x86.Build.0 = Debug|Any CPU
		{7FCF0DB5-7735-4C52-872B-E2C6871D785E}.Release|Any CPU.ActiveCfg = Release|Any CPU
		{7FCF0DB5-7735-4C52-872B-E2C6871D785E}.Release|Any CPU.Build.0 = Release|Any CPU
		{7FCF0DB5-7735-4C52-872B-E2C6871D785E}.Release|x64.ActiveCfg = Release|Any CPU
		{7FCF0DB5-7735-4C52-872B-E2C6871D785E}.Release|x64.Build.0 = Release|Any CPU
		{7FCF0DB5-7735-4C52-872B-E2C6871D785E}.Release|x86.ActiveCfg = Release|Any CPU
		{7FCF0DB5-7735-4C52-872B-E2C6871D785E}.Release|x86.Build.0 = Release|Any CPU
	EndGlobalSection
	GlobalSection(NestedProjects) = preSolution
		{F9F2364E-1189-4A80-8E66-8307623B4EBD} = {657DDC11-7E49-427C-81C0-EB55FC41BC3B}
		{452E7033-A523-42A5-822F-67F1416DC1EE} = {F9F2364E-1189-4A80-8E66-8307623B4EBD}
		{472A93F0-0DC7-4F92-BD1A-9EF0487E59A3} = {452E7033-A523-42A5-822F-67F1416DC1EE}
		{B3901279-6106-46B2-9281-D09CCDB37D53} = {657DDC11-7E49-427C-81C0-EB55FC41BC3B}
		{FB7B1232-21B2-44A1-85F8-62BA1009EBF9} = {B3901279-6106-46B2-9281-D09CCDB37D53}
		{B56002B5-2787-4BD2-AB3E-D045ABE78890} = {B3901279-6106-46B2-9281-D09CCDB37D53}
		{B5D3B3A3-AB3E-49E5-AB26-07D5A853DD45} = {F9F2364E-1189-4A80-8E66-8307623B4EBD}
		{7FCF0DB5-7735-4C52-872B-E2C6871D785E} = {B5D3B3A3-AB3E-49E5-AB26-07D5A853DD45}
	EndGlobalSection
EndGlobal
