
Microsoft Visual Studio Solution File, Format Version 12.00
# Visual Studio Version 17
VisualStudioVersion = 17.1.31911.260
MinimumVisualStudioVersion = 10.0.40219.1
Project("{2150E333-8FDC-42A3-9474-1A3956D46DE8}") = "src", "src", "{657DDC11-7E49-427C-81C0-EB55FC41BC3B}"
EndProject
Project("{2150E333-8FDC-42A3-9474-1A3956D46DE8}") = "Services", "Services", "{F9F2364E-1189-4A80-8E66-8307623B4EBD}"
EndProject
Project("{2150E333-8FDC-42A3-9474-1A3956D46DE8}") = "BuildingBlocks", "BuildingBlocks", "{B3901279-6106-46B2-9281-D09CCDB37D53}"
EndProject
Project("{9A19103F-16F7-4668-BE54-9A1E7A4F7556}") = "EventBus", "src\BuildingBlocks\EventBus\EventBus.csproj", "{FB7B1232-21B2-44A1-85F8-62BA1009EBF9}"
EndProject
Project("{9A19103F-16F7-4668-BE54-9A1E7A4F7556}") = "EventBus.IntegrationEvents", "src\BuildingBlocks\EventBus.IntegrationEvents\EventBus.IntegrationEvents.csproj", "{B56002B5-2787-4BD2-AB3E-D045ABE78890}"
EndProject
Project("{2150E333-8FDC-42A3-9474-1A3956D46DE8}") = "Products", "Products", "{C81E91BB-9C51-46FE-99F5-D94A2E78292B}"
EndProject
Project("{9A19103F-16F7-4668-BE54-9A1E7A4F7556}") = "Products.Api", "src\Services\Products\Products.Api\Products.Api.csproj", "{8D5DD2DD-87AE-44A6-B63D-47640DE46A53}"
EndProject
Project("{2150E333-8FDC-42A3-9474-1A3956D46DE8}") = "Baskets", "Baskets", "{91B81686-56F3-4F0F-B524-6C2841440418}"
EndProject
Project("{9A19103F-16F7-4668-BE54-9A1E7A4F7556}") = "Baskets.Api", "src\Services\Baskets\Baskets.Api\Baskets.Api.csproj", "{1FA9ADD8-3B65-4617-8647-5CC5D464187E}"
EndProject
Project("{E53339B2-1760-4266-BCC7-CA923CBCF16C}") = "docker-compose", "docker-compose.dcproj", "{1F8A15AA-E68E-472C-B08E-B7EDA17C6E4C}"
EndProject
Global
	GlobalSection(SolutionConfigurationPlatforms) = preSolution
		Debug|Any CPU = Debug|Any CPU
		Debug|x64 = Debug|x64
		Debug|x86 = Debug|x86
		Release|Any CPU = Release|Any CPU
		Release|x64 = Release|x64
		Release|x86 = Release|x86
	EndGlobalSection
	GlobalSection(ProjectConfigurationPlatforms) = postSolution
		{FB7B1232-21B2-44A1-85F8-62BA1009EBF9}.Debug|Any CPU.ActiveCfg = Debug|Any CPU
		{FB7B1232-21B2-44A1-85F8-62BA1009EBF9}.Debug|Any CPU.Build.0 = Debug|Any CPU
		{FB7B1232-21B2-44A1-85F8-62BA1009EBF9}.Debug|x64.ActiveCfg = Debug|Any CPU
		{FB7B1232-21B2-44A1-85F8-62BA1009EBF9}.Debug|x64.Build.0 = Debug|Any CPU
		{FB7B1232-21B2-44A1-85F8-62BA1009EBF9}.Debug|x86.ActiveCfg = Debug|Any CPU
		{FB7B1232-21B2-44A1-85F8-62BA1009EBF9}.Debug|x86.Build.0 = Debug|Any CPU
		{FB7B1232-21B2-44A1-85F8-62BA1009EBF9}.Release|Any CPU.ActiveCfg = Release|Any CPU
		{FB7B1232-21B2-44A1-85F8-62BA1009EBF9}.Release|Any CPU.Build.0 = Release|Any CPU
		{FB7B1232-21B2-44A1-85F8-62BA1009EBF9}.Release|x64.ActiveCfg = Release|Any CPU
		{FB7B1232-21B2-44A1-85F8-62BA1009EBF9}.Release|x64.Build.0 = Release|Any CPU
		{FB7B1232-21B2-44A1-85F8-62BA1009EBF9}.Release|x86.ActiveCfg = Release|Any CPU
		{FB7B1232-21B2-44A1-85F8-62BA1009EBF9}.Release|x86.Build.0 = Release|Any CPU
		{B56002B5-2787-4BD2-AB3E-D045ABE78890}.Debug|Any CPU.ActiveCfg = Debug|Any CPU
		{B56002B5-2787-4BD2-AB3E-D045ABE78890}.Debug|Any CPU.Build.0 = Debug|Any CPU
		{B56002B5-2787-4BD2-AB3E-D045ABE78890}.Debug|x64.ActiveCfg = Debug|Any CPU
		{B56002B5-2787-4BD2-AB3E-D045ABE78890}.Debug|x64.Build.0 = Debug|Any CPU
		{B56002B5-2787-4BD2-AB3E-D045ABE78890}.Debug|x86.ActiveCfg = Debug|Any CPU
		{B56002B5-2787-4BD2-AB3E-D045ABE78890}.Debug|x86.Build.0 = Debug|Any CPU
		{B56002B5-2787-4BD2-AB3E-D045ABE78890}.Release|Any CPU.ActiveCfg = Release|Any CPU
		{B56002B5-2787-4BD2-AB3E-D045ABE78890}.Release|Any CPU.Build.0 = Release|Any CPU
		{B56002B5-2787-4BD2-AB3E-D045ABE78890}.Release|x64.ActiveCfg = Release|Any CPU
		{B56002B5-2787-4BD2-AB3E-D045ABE78890}.Release|x64.Build.0 = Release|Any CPU
		{B56002B5-2787-4BD2-AB3E-D045ABE78890}.Release|x86.ActiveCfg = Release|Any CPU
		{B56002B5-2787-4BD2-AB3E-D045ABE78890}.Release|x86.Build.0 = Release|Any CPU
		{8D5DD2DD-87AE-44A6-B63D-47640DE46A53}.Debug|Any CPU.ActiveCfg = Debug|Any CPU
		{8D5DD2DD-87AE-44A6-B63D-47640DE46A53}.Debug|Any CPU.Build.0 = Debug|Any CPU
		{8D5DD2DD-87AE-44A6-B63D-47640DE46A53}.Debug|x64.ActiveCfg = Debug|Any CPU
		{8D5DD2DD-87AE-44A6-B63D-47640DE46A53}.Debug|x64.Build.0 = Debug|Any CPU
		{8D5DD2DD-87AE-44A6-B63D-47640DE46A53}.Debug|x86.ActiveCfg = Debug|Any CPU
		{8D5DD2DD-87AE-44A6-B63D-47640DE46A53}.Debug|x86.Build.0 = Debug|Any CPU
		{8D5DD2DD-87AE-44A6-B63D-47640DE46A53}.Release|Any CPU.ActiveCfg = Release|Any CPU
		{8D5DD2DD-87AE-44A6-B63D-47640DE46A53}.Release|Any CPU.Build.0 = Release|Any CPU
		{8D5DD2DD-87AE-44A6-B63D-47640DE46A53}.Release|x64.ActiveCfg = Release|Any CPU
		{8D5DD2DD-87AE-44A6-B63D-47640DE46A53}.Release|x64.Build.0 = Release|Any CPU
		{8D5DD2DD-87AE-44A6-B63D-47640DE46A53}.Release|x86.ActiveCfg = Release|Any CPU
		{8D5DD2DD-87AE-44A6-B63D-47640DE46A53}.Release|x86.Build.0 = Release|Any CPU
		{1FA9ADD8-3B65-4617-8647-5CC5D464187E}.Debug|Any CPU.ActiveCfg = Debug|Any CPU
		{1FA9ADD8-3B65-4617-8647-5CC5D464187E}.Debug|Any CPU.Build.0 = Debug|Any CPU
		{1FA9ADD8-3B65-4617-8647-5CC5D464187E}.Debug|x64.ActiveCfg = Debug|Any CPU
		{1FA9ADD8-3B65-4617-8647-5CC5D464187E}.Debug|x64.Build.0 = Debug|Any CPU
		{1FA9ADD8-3B65-4617-8647-5CC5D464187E}.Debug|x86.ActiveCfg = Debug|Any CPU
		{1FA9ADD8-3B65-4617-8647-5CC5D464187E}.Debug|x86.Build.0 = Debug|Any CPU
		{1FA9ADD8-3B65-4617-8647-5CC5D464187E}.Release|Any CPU.ActiveCfg = Release|Any CPU
		{1FA9ADD8-3B65-4617-8647-5CC5D464187E}.Release|Any CPU.Build.0 = Release|Any CPU
		{1FA9ADD8-3B65-4617-8647-5CC5D464187E}.Release|x64.ActiveCfg = Release|Any CPU
		{1FA9ADD8-3B65-4617-8647-5CC5D464187E}.Release|x64.Build.0 = Release|Any CPU
		{1FA9ADD8-3B65-4617-8647-5CC5D464187E}.Release|x86.ActiveCfg = Release|Any CPU
		{1FA9ADD8-3B65-4617-8647-5CC5D464187E}.Release|x86.Build.0 = Release|Any CPU
		{1F8A15AA-E68E-472C-B08E-B7EDA17C6E4C}.Debug|Any CPU.ActiveCfg = Debug|Any CPU
		{1F8A15AA-E68E-472C-B08E-B7EDA17C6E4C}.Debug|Any CPU.Build.0 = Debug|Any CPU
		{1F8A15AA-E68E-472C-B08E-B7EDA17C6E4C}.Debug|x64.ActiveCfg = Debug|Any CPU
		{1F8A15AA-E68E-472C-B08E-B7EDA17C6E4C}.Debug|x64.Build.0 = Debug|Any CPU
		{1F8A15AA-E68E-472C-B08E-B7EDA17C6E4C}.Debug|x86.ActiveCfg = Debug|Any CPU
		{1F8A15AA-E68E-472C-B08E-B7EDA17C6E4C}.Debug|x86.Build.0 = Debug|Any CPU
		{1F8A15AA-E68E-472C-B08E-B7EDA17C6E4C}.Release|Any CPU.ActiveCfg = Release|Any CPU
		{1F8A15AA-E68E-472C-B08E-B7EDA17C6E4C}.Release|Any CPU.Build.0 = Release|Any CPU
		{1F8A15AA-E68E-472C-B08E-B7EDA17C6E4C}.Release|x64.ActiveCfg = Release|Any CPU
		{1F8A15AA-E68E-472C-B08E-B7EDA17C6E4C}.Release|x64.Build.0 = Release|Any CPU
		{1F8A15AA-E68E-472C-B08E-B7EDA17C6E4C}.Release|x86.ActiveCfg = Release|Any CPU
		{1F8A15AA-E68E-472C-B08E-B7EDA17C6E4C}.Release|x86.Build.0 = Release|Any CPU
	EndGlobalSection
	GlobalSection(SolutionProperties) = preSolution
		HideSolutionNode = FALSE
	EndGlobalSection
	GlobalSection(NestedProjects) = preSolution
		{F9F2364E-1189-4A80-8E66-8307623B4EBD} = {657DDC11-7E49-427C-81C0-EB55FC41BC3B}
		{B3901279-6106-46B2-9281-D09CCDB37D53} = {657DDC11-7E49-427C-81C0-EB55FC41BC3B}
		{FB7B1232-21B2-44A1-85F8-62BA1009EBF9} = {B3901279-6106-46B2-9281-D09CCDB37D53}
		{B56002B5-2787-4BD2-AB3E-D045ABE78890} = {B3901279-6106-46B2-9281-D09CCDB37D53}
		{C81E91BB-9C51-46FE-99F5-D94A2E78292B} = {F9F2364E-1189-4A80-8E66-8307623B4EBD}
		{8D5DD2DD-87AE-44A6-B63D-47640DE46A53} = {C81E91BB-9C51-46FE-99F5-D94A2E78292B}
		{91B81686-56F3-4F0F-B524-6C2841440418} = {F9F2364E-1189-4A80-8E66-8307623B4EBD}
		{1FA9ADD8-3B65-4617-8647-5CC5D464187E} = {91B81686-56F3-4F0F-B524-6C2841440418}
	EndGlobalSection
	GlobalSection(ExtensibilityGlobals) = postSolution
		SolutionGuid = {C496EDB8-4292-4039-A26F-B0F4FBCE0C52}
	EndGlobalSection
EndGlobal
